
Microsoft Visual Studio Solution File, Format Version 12.00
# Visual Studio Version 16
VisualStudioVersion = 16.0.29920.165
MinimumVisualStudioVersion = 10.0.40219.1
Project("{FAE04EC0-301F-11D3-BF4B-00C04F79EFBC}") = "Project2", "Project2\Project2.csproj", "{B4AA6A37-84FB-444D-A8C9-F2FA76D07D5C}"
EndProject
Global
	GlobalSection(SolutionConfigurationPlatforms) = preSolution
		Debug|Any CPU = Debug|Any CPU
		Release|Any CPU = Release|Any CPU
	EndGlobalSection
	GlobalSection(ProjectConfigurationPlatforms) = postSolution
		{B4AA6A37-84FB-444D-A8C9-F2FA76D07D5C}.Debug|Any CPU.ActiveCfg = Debug|Any CPU
		{B4AA6A37-84FB-444D-A8C9-F2FA76D07D5C}.Debug|Any CPU.Build.0 = Debug|Any CPU
		{B4AA6A37-84FB-444D-A8C9-F2FA76D07D5C}.Release|Any CPU.ActiveCfg = Release|Any CPU
		{B4AA6A37-84FB-444D-A8C9-F2FA76D07D5C}.Release|Any CPU.Build.0 = Release|Any CPU
	EndGlobalSection
	GlobalSection(SolutionProperties) = preSolution
		HideSolutionNode = FALSE
	EndGlobalSection
	GlobalSection(ExtensibilityGlobals) = postSolution
		SolutionGuid = {946DDF49-35CD-45AC-AEA0-C836B3402AA1}
	EndGlobalSection
EndGlobal
